// !$*UTF8*$!
{
	archiveVersion = 1;
	classes = {
	};
	objectVersion = 46;
	objects = {

/* Begin PBXBuildFile section */
		31808C955C6D9D2A7FA88A7A /* Pods_myscoreboard2_0.framework in Frameworks */ = {isa = PBXBuildFile; fileRef = B1D8BBC375238D263101B402 /* Pods_myscoreboard2_0.framework */; };
		E862029F1CFE8AEE0030F798 /* ProfileCollectionViewCell.swift in Sources */ = {isa = PBXBuildFile; fileRef = E862029E1CFE8AEE0030F798 /* ProfileCollectionViewCell.swift */; };
		E86202A11CFE8F7C0030F798 /* TeamCollectionViewCell.swift in Sources */ = {isa = PBXBuildFile; fileRef = E86202A01CFE8F7C0030F798 /* TeamCollectionViewCell.swift */; };
		E86202A31CFE8F930030F798 /* TeamViewController.swift in Sources */ = {isa = PBXBuildFile; fileRef = E86202A21CFE8F930030F798 /* TeamViewController.swift */; };
		E86202A71CFFE1110030F798 /* GameTableViewCell.swift in Sources */ = {isa = PBXBuildFile; fileRef = E86202A51CFFE1110030F798 /* GameTableViewCell.swift */; };
		E86202A81CFFE1110030F798 /* GameTableViewCell.xib in Resources */ = {isa = PBXBuildFile; fileRef = E86202A61CFFE1110030F798 /* GameTableViewCell.xib */; };
		E86202AB1CFFE2030030F798 /* BestPartnetTableViewCell.swift in Sources */ = {isa = PBXBuildFile; fileRef = E86202A91CFFE2030030F798 /* BestPartnetTableViewCell.swift */; };
		E86202AC1CFFE2030030F798 /* BestPartnetTableViewCell.xib in Resources */ = {isa = PBXBuildFile; fileRef = E86202AA1CFFE2030030F798 /* BestPartnetTableViewCell.xib */; };
		E86202B01D0032A60030F798 /* MyScoredBoardBaseCollectionViewController.swift in Sources */ = {isa = PBXBuildFile; fileRef = E86202AF1D0032A60030F798 /* MyScoredBoardBaseCollectionViewController.swift */; };
		E86202B31D0550380030F798 /* ProfileInfoTableViewCell.swift in Sources */ = {isa = PBXBuildFile; fileRef = E86202B11D0550380030F798 /* ProfileInfoTableViewCell.swift */; };
		E86202B41D0550380030F798 /* ProfileInfoTableViewCell.xib in Resources */ = {isa = PBXBuildFile; fileRef = E86202B21D0550380030F798 /* ProfileInfoTableViewCell.xib */; };
		E889777F1D06EE3C00F263FF /* Color.swift in Sources */ = {isa = PBXBuildFile; fileRef = E889777E1D06EE3C00F263FF /* Color.swift */; };
		E88977831D07FBE800F263FF /* MyScoreBoardEditInfoTableViewController.swift in Sources */ = {isa = PBXBuildFile; fileRef = E88977821D07FBE800F263FF /* MyScoreBoardEditInfoTableViewController.swift */; };
		E89B15A11CE8C94E0070940D /* AppDelegate.swift in Sources */ = {isa = PBXBuildFile; fileRef = E89B15A01CE8C94E0070940D /* AppDelegate.swift */; };
		E89B15A81CE8C94F0070940D /* Main.storyboard in Resources */ = {isa = PBXBuildFile; fileRef = E89B15A61CE8C94F0070940D /* Main.storyboard */; };
		E89B15AA1CE8C94F0070940D /* Assets.xcassets in Resources */ = {isa = PBXBuildFile; fileRef = E89B15A91CE8C94F0070940D /* Assets.xcassets */; };
		E89B15AD1CE8C94F0070940D /* LaunchScreen.storyboard in Resources */ = {isa = PBXBuildFile; fileRef = E89B15AB1CE8C94F0070940D /* LaunchScreen.storyboard */; };
		E89B15B81CE8C94F0070940D /* myscoreboard2_0Tests.swift in Sources */ = {isa = PBXBuildFile; fileRef = E89B15B71CE8C94F0070940D /* myscoreboard2_0Tests.swift */; };
		E89B15C31CE8C94F0070940D /* myscoreboard2_0UITests.swift in Sources */ = {isa = PBXBuildFile; fileRef = E89B15C21CE8C94F0070940D /* myscoreboard2_0UITests.swift */; };
		E89B15D21CE8DCFA0070940D /* LoginTableViewController.swift in Sources */ = {isa = PBXBuildFile; fileRef = E89B15D11CE8DCFA0070940D /* LoginTableViewController.swift */; };
		E89B15D91CE9CF3B0070940D /* Params.swift in Sources */ = {isa = PBXBuildFile; fileRef = E89B15D81CE9CF3B0070940D /* Params.swift */; };
		E89B15DB1CE9CF4E0070940D /* protocol.swift in Sources */ = {isa = PBXBuildFile; fileRef = E89B15DA1CE9CF4E0070940D /* protocol.swift */; };
		E89B15DD1CE9CF570070940D /* Api.swift in Sources */ = {isa = PBXBuildFile; fileRef = E89B15DC1CE9CF570070940D /* Api.swift */; };
		E89B15DF1CE9CF6E0070940D /* pickerView.swift in Sources */ = {isa = PBXBuildFile; fileRef = E89B15DE1CE9CF6E0070940D /* pickerView.swift */; };
		E89B15E11CEB75DC0070940D /* RegisterTableViewController.swift in Sources */ = {isa = PBXBuildFile; fileRef = E89B15E01CEB75DC0070940D /* RegisterTableViewController.swift */; };
		E89B15E31CEB7EE60070940D /* Utils.swift in Sources */ = {isa = PBXBuildFile; fileRef = E89B15E21CEB7EE60070940D /* Utils.swift */; };
		E89B15EB1CEC4F110070940D /* EditProfileTableViewController.swift in Sources */ = {isa = PBXBuildFile; fileRef = E89B15EA1CEC4F110070940D /* EditProfileTableViewController.swift */; };
		E8DE72CE1CF2E9A600C66DBD /* ProfileViewController.swift in Sources */ = {isa = PBXBuildFile; fileRef = E8DE72CD1CF2E9A600C66DBD /* ProfileViewController.swift */; };
		E8DE72D01CF314CC00C66DBD /* RankingViewController.swift in Sources */ = {isa = PBXBuildFile; fileRef = E8DE72CF1CF314CC00C66DBD /* RankingViewController.swift */; };
		E8DE72D21CF5752700C66DBD /* RankingCollectionViewCell.swift in Sources */ = {isa = PBXBuildFile; fileRef = E8DE72D11CF5752700C66DBD /* RankingCollectionViewCell.swift */; };
		E8DE72D41CF5AD2F00C66DBD /* RankingTableViewCell.swift in Sources */ = {isa = PBXBuildFile; fileRef = E8DE72D31CF5AD2F00C66DBD /* RankingTableViewCell.swift */; };
		E8DE72D71CF68F7700C66DBD /* Team.swift in Sources */ = {isa = PBXBuildFile; fileRef = E8DE72D51CF68F7700C66DBD /* Team.swift */; };
		E8DE72D81CF68F7700C66DBD /* Teams.swift in Sources */ = {isa = PBXBuildFile; fileRef = E8DE72D61CF68F7700C66DBD /* Teams.swift */; };
		E8DE72DA1CF68F8800C66DBD /* Player.swift in Sources */ = {isa = PBXBuildFile; fileRef = E8DE72D91CF68F8800C66DBD /* Player.swift */; };
/* End PBXBuildFile section */

/* Begin PBXContainerItemProxy section */
		E89B15B41CE8C94F0070940D /* PBXContainerItemProxy */ = {
			isa = PBXContainerItemProxy;
			containerPortal = E89B15951CE8C94E0070940D /* Project object */;
			proxyType = 1;
			remoteGlobalIDString = E89B159C1CE8C94E0070940D;
			remoteInfo = myscoreboard2.0;
		};
		E89B15BF1CE8C94F0070940D /* PBXContainerItemProxy */ = {
			isa = PBXContainerItemProxy;
			containerPortal = E89B15951CE8C94E0070940D /* Project object */;
			proxyType = 1;
			remoteGlobalIDString = E89B159C1CE8C94E0070940D;
			remoteInfo = myscoreboard2.0;
		};
/* End PBXContainerItemProxy section */

/* Begin PBXFileReference section */
		A0C678C6BA7468521005B4EF /* Pods-myscoreboard2.0.debug.xcconfig */ = {isa = PBXFileReference; includeInIndex = 1; lastKnownFileType = text.xcconfig; name = "Pods-myscoreboard2.0.debug.xcconfig"; path = "Pods/Target Support Files/Pods-myscoreboard2.0/Pods-myscoreboard2.0.debug.xcconfig"; sourceTree = "<group>"; };
		B1D8BBC375238D263101B402 /* Pods_myscoreboard2_0.framework */ = {isa = PBXFileReference; explicitFileType = wrapper.framework; includeInIndex = 0; path = Pods_myscoreboard2_0.framework; sourceTree = BUILT_PRODUCTS_DIR; };
		B8CBD25F74E2991D60A78730 /* Pods-myscoreboard2.0.release.xcconfig */ = {isa = PBXFileReference; includeInIndex = 1; lastKnownFileType = text.xcconfig; name = "Pods-myscoreboard2.0.release.xcconfig"; path = "Pods/Target Support Files/Pods-myscoreboard2.0/Pods-myscoreboard2.0.release.xcconfig"; sourceTree = "<group>"; };
		E862029E1CFE8AEE0030F798 /* ProfileCollectionViewCell.swift */ = {isa = PBXFileReference; fileEncoding = 4; lastKnownFileType = sourcecode.swift; path = ProfileCollectionViewCell.swift; sourceTree = "<group>"; };
		E86202A01CFE8F7C0030F798 /* TeamCollectionViewCell.swift */ = {isa = PBXFileReference; fileEncoding = 4; lastKnownFileType = sourcecode.swift; path = TeamCollectionViewCell.swift; sourceTree = "<group>"; };
		E86202A21CFE8F930030F798 /* TeamViewController.swift */ = {isa = PBXFileReference; fileEncoding = 4; lastKnownFileType = sourcecode.swift; path = TeamViewController.swift; sourceTree = "<group>"; };
		E86202A51CFFE1110030F798 /* GameTableViewCell.swift */ = {isa = PBXFileReference; fileEncoding = 4; lastKnownFileType = sourcecode.swift; path = GameTableViewCell.swift; sourceTree = "<group>"; };
		E86202A61CFFE1110030F798 /* GameTableViewCell.xib */ = {isa = PBXFileReference; fileEncoding = 4; lastKnownFileType = file.xib; path = GameTableViewCell.xib; sourceTree = "<group>"; };
		E86202A91CFFE2030030F798 /* BestPartnetTableViewCell.swift */ = {isa = PBXFileReference; fileEncoding = 4; lastKnownFileType = sourcecode.swift; path = BestPartnetTableViewCell.swift; sourceTree = "<group>"; };
		E86202AA1CFFE2030030F798 /* BestPartnetTableViewCell.xib */ = {isa = PBXFileReference; fileEncoding = 4; lastKnownFileType = file.xib; path = BestPartnetTableViewCell.xib; sourceTree = "<group>"; };
		E86202AF1D0032A60030F798 /* MyScoredBoardBaseCollectionViewController.swift */ = {isa = PBXFileReference; fileEncoding = 4; lastKnownFileType = sourcecode.swift; path = MyScoredBoardBaseCollectionViewController.swift; sourceTree = "<group>"; };
		E86202B11D0550380030F798 /* ProfileInfoTableViewCell.swift */ = {isa = PBXFileReference; fileEncoding = 4; lastKnownFileType = sourcecode.swift; path = ProfileInfoTableViewCell.swift; sourceTree = "<group>"; };
		E86202B21D0550380030F798 /* ProfileInfoTableViewCell.xib */ = {isa = PBXFileReference; fileEncoding = 4; lastKnownFileType = file.xib; path = ProfileInfoTableViewCell.xib; sourceTree = "<group>"; };
		E889777E1D06EE3C00F263FF /* Color.swift */ = {isa = PBXFileReference; fileEncoding = 4; lastKnownFileType = sourcecode.swift; path = Color.swift; sourceTree = "<group>"; };
		E88977821D07FBE800F263FF /* MyScoreBoardEditInfoTableViewController.swift */ = {isa = PBXFileReference; fileEncoding = 4; lastKnownFileType = sourcecode.swift; path = MyScoreBoardEditInfoTableViewController.swift; sourceTree = "<group>"; };
		E89B159D1CE8C94E0070940D /* myscoreboard2.0.app */ = {isa = PBXFileReference; explicitFileType = wrapper.application; includeInIndex = 0; path = myscoreboard2.0.app; sourceTree = BUILT_PRODUCTS_DIR; };
		E89B15A01CE8C94E0070940D /* AppDelegate.swift */ = {isa = PBXFileReference; lastKnownFileType = sourcecode.swift; path = AppDelegate.swift; sourceTree = "<group>"; };
		E89B15A71CE8C94F0070940D /* Base */ = {isa = PBXFileReference; lastKnownFileType = file.storyboard; name = Base; path = Base.lproj/Main.storyboard; sourceTree = "<group>"; };
		E89B15A91CE8C94F0070940D /* Assets.xcassets */ = {isa = PBXFileReference; lastKnownFileType = folder.assetcatalog; path = Assets.xcassets; sourceTree = "<group>"; };
		E89B15AC1CE8C94F0070940D /* Base */ = {isa = PBXFileReference; lastKnownFileType = file.storyboard; name = Base; path = Base.lproj/LaunchScreen.storyboard; sourceTree = "<group>"; };
		E89B15AE1CE8C94F0070940D /* Info.plist */ = {isa = PBXFileReference; lastKnownFileType = text.plist.xml; path = Info.plist; sourceTree = "<group>"; };
		E89B15B31CE8C94F0070940D /* myscoreboard2.0Tests.xctest */ = {isa = PBXFileReference; explicitFileType = wrapper.cfbundle; includeInIndex = 0; path = myscoreboard2.0Tests.xctest; sourceTree = BUILT_PRODUCTS_DIR; };
		E89B15B71CE8C94F0070940D /* myscoreboard2_0Tests.swift */ = {isa = PBXFileReference; lastKnownFileType = sourcecode.swift; path = myscoreboard2_0Tests.swift; sourceTree = "<group>"; };
		E89B15B91CE8C94F0070940D /* Info.plist */ = {isa = PBXFileReference; lastKnownFileType = text.plist.xml; path = Info.plist; sourceTree = "<group>"; };
		E89B15BE1CE8C94F0070940D /* myscoreboard2.0UITests.xctest */ = {isa = PBXFileReference; explicitFileType = wrapper.cfbundle; includeInIndex = 0; path = myscoreboard2.0UITests.xctest; sourceTree = BUILT_PRODUCTS_DIR; };
		E89B15C21CE8C94F0070940D /* myscoreboard2_0UITests.swift */ = {isa = PBXFileReference; lastKnownFileType = sourcecode.swift; path = myscoreboard2_0UITests.swift; sourceTree = "<group>"; };
		E89B15C41CE8C94F0070940D /* Info.plist */ = {isa = PBXFileReference; lastKnownFileType = text.plist.xml; path = Info.plist; sourceTree = "<group>"; };
		E89B15D11CE8DCFA0070940D /* LoginTableViewController.swift */ = {isa = PBXFileReference; fileEncoding = 4; lastKnownFileType = sourcecode.swift; path = LoginTableViewController.swift; sourceTree = "<group>"; };
		E89B15D81CE9CF3B0070940D /* Params.swift */ = {isa = PBXFileReference; fileEncoding = 4; lastKnownFileType = sourcecode.swift; path = Params.swift; sourceTree = "<group>"; };
		E89B15DA1CE9CF4E0070940D /* protocol.swift */ = {isa = PBXFileReference; fileEncoding = 4; lastKnownFileType = sourcecode.swift; path = protocol.swift; sourceTree = "<group>"; };
		E89B15DC1CE9CF570070940D /* Api.swift */ = {isa = PBXFileReference; fileEncoding = 4; lastKnownFileType = sourcecode.swift; path = Api.swift; sourceTree = "<group>"; };
		E89B15DE1CE9CF6E0070940D /* pickerView.swift */ = {isa = PBXFileReference; fileEncoding = 4; lastKnownFileType = sourcecode.swift; path = pickerView.swift; sourceTree = "<group>"; };
		E89B15E01CEB75DC0070940D /* RegisterTableViewController.swift */ = {isa = PBXFileReference; fileEncoding = 4; lastKnownFileType = sourcecode.swift; path = RegisterTableViewController.swift; sourceTree = "<group>"; };
		E89B15E21CEB7EE60070940D /* Utils.swift */ = {isa = PBXFileReference; fileEncoding = 4; lastKnownFileType = sourcecode.swift; path = Utils.swift; sourceTree = "<group>"; };
		E89B15EA1CEC4F110070940D /* EditProfileTableViewController.swift */ = {isa = PBXFileReference; fileEncoding = 4; lastKnownFileType = sourcecode.swift; path = EditProfileTableViewController.swift; sourceTree = "<group>"; };
		E8DE72CD1CF2E9A600C66DBD /* ProfileViewController.swift */ = {isa = PBXFileReference; fileEncoding = 4; lastKnownFileType = sourcecode.swift; path = ProfileViewController.swift; sourceTree = "<group>"; };
		E8DE72CF1CF314CC00C66DBD /* RankingViewController.swift */ = {isa = PBXFileReference; fileEncoding = 4; lastKnownFileType = sourcecode.swift; path = RankingViewController.swift; sourceTree = "<group>"; };
		E8DE72D11CF5752700C66DBD /* RankingCollectionViewCell.swift */ = {isa = PBXFileReference; fileEncoding = 4; lastKnownFileType = sourcecode.swift; path = RankingCollectionViewCell.swift; sourceTree = "<group>"; };
		E8DE72D31CF5AD2F00C66DBD /* RankingTableViewCell.swift */ = {isa = PBXFileReference; fileEncoding = 4; lastKnownFileType = sourcecode.swift; path = RankingTableViewCell.swift; sourceTree = "<group>"; };
		E8DE72D51CF68F7700C66DBD /* Team.swift */ = {isa = PBXFileReference; fileEncoding = 4; lastKnownFileType = sourcecode.swift; path = Team.swift; sourceTree = "<group>"; };
		E8DE72D61CF68F7700C66DBD /* Teams.swift */ = {isa = PBXFileReference; fileEncoding = 4; lastKnownFileType = sourcecode.swift; path = Teams.swift; sourceTree = "<group>"; };
		E8DE72D91CF68F8800C66DBD /* Player.swift */ = {isa = PBXFileReference; fileEncoding = 4; lastKnownFileType = sourcecode.swift; path = Player.swift; sourceTree = "<group>"; };
/* End PBXFileReference section */

/* Begin PBXFrameworksBuildPhase section */
		E89B159A1CE8C94E0070940D /* Frameworks */ = {
			isa = PBXFrameworksBuildPhase;
			buildActionMask = 2147483647;
			files = (
				31808C955C6D9D2A7FA88A7A /* Pods_myscoreboard2_0.framework in Frameworks */,
			);
			runOnlyForDeploymentPostprocessing = 0;
		};
		E89B15B01CE8C94F0070940D /* Frameworks */ = {
			isa = PBXFrameworksBuildPhase;
			buildActionMask = 2147483647;
			files = (
			);
			runOnlyForDeploymentPostprocessing = 0;
		};
		E89B15BB1CE8C94F0070940D /* Frameworks */ = {
			isa = PBXFrameworksBuildPhase;
			buildActionMask = 2147483647;
			files = (
			);
			runOnlyForDeploymentPostprocessing = 0;
		};
/* End PBXFrameworksBuildPhase section */

/* Begin PBXGroup section */
		0029B76AFD34D79D5440B6C3 /* Pods */ = {
			isa = PBXGroup;
			children = (
				A0C678C6BA7468521005B4EF /* Pods-myscoreboard2.0.debug.xcconfig */,
				B8CBD25F74E2991D60A78730 /* Pods-myscoreboard2.0.release.xcconfig */,
			);
			name = Pods;
			sourceTree = "<group>";
		};
		D7FAA304D6BE720F5AB43D24 /* Frameworks */ = {
			isa = PBXGroup;
			children = (
				B1D8BBC375238D263101B402 /* Pods_myscoreboard2_0.framework */,
			);
			name = Frameworks;
			sourceTree = "<group>";
		};
		E86202A41CFFE0F40030F798 /* View */ = {
			isa = PBXGroup;
			children = (
				E86202A51CFFE1110030F798 /* GameTableViewCell.swift */,
				E86202A61CFFE1110030F798 /* GameTableViewCell.xib */,
				E86202A91CFFE2030030F798 /* BestPartnetTableViewCell.swift */,
				E86202AA1CFFE2030030F798 /* BestPartnetTableViewCell.xib */,
				E86202B11D0550380030F798 /* ProfileInfoTableViewCell.swift */,
				E86202B21D0550380030F798 /* ProfileInfoTableViewCell.xib */,
			);
			name = View;
			sourceTree = "<group>";
		};
		E89B15941CE8C94E0070940D = {
			isa = PBXGroup;
			children = (
				E89B159F1CE8C94E0070940D /* myscoreboard2.0 */,
				E89B15B61CE8C94F0070940D /* myscoreboard2.0Tests */,
				E89B15C11CE8C94F0070940D /* myscoreboard2.0UITests */,
				E89B159E1CE8C94E0070940D /* Products */,
				0029B76AFD34D79D5440B6C3 /* Pods */,
				D7FAA304D6BE720F5AB43D24 /* Frameworks */,
			);
			sourceTree = "<group>";
		};
		E89B159E1CE8C94E0070940D /* Products */ = {
			isa = PBXGroup;
			children = (
				E89B159D1CE8C94E0070940D /* myscoreboard2.0.app */,
				E89B15B31CE8C94F0070940D /* myscoreboard2.0Tests.xctest */,
				E89B15BE1CE8C94F0070940D /* myscoreboard2.0UITests.xctest */,
			);
			name = Products;
			sourceTree = "<group>";
		};
		E89B159F1CE8C94E0070940D /* myscoreboard2.0 */ = {
			isa = PBXGroup;
			children = (
				E86202A41CFFE0F40030F798 /* View */,
				E89B15D71CE9CEFF0070940D /* models */,
				E89B15A61CE8C94F0070940D /* Main.storyboard */,
				E89B15D51CE9C9790070940D /* Profile */,
				E89B15D41CE9C9720070940D /* Ranking */,
				E89B15D31CE9C9690070940D /* Team */,
				E89B15D01CE8DCCF0070940D /* Login */,
				E89B15A01CE8C94E0070940D /* AppDelegate.swift */,
				E89B15A91CE8C94F0070940D /* Assets.xcassets */,
				E89B15AB1CE8C94F0070940D /* LaunchScreen.storyboard */,
				E89B15AE1CE8C94F0070940D /* Info.plist */,
				E86202AF1D0032A60030F798 /* MyScoredBoardBaseCollectionViewController.swift */,
				E88977821D07FBE800F263FF /* MyScoreBoardEditInfoTableViewController.swift */,
			);
			path = myscoreboard2.0;
			sourceTree = "<group>";
		};
		E89B15B61CE8C94F0070940D /* myscoreboard2.0Tests */ = {
			isa = PBXGroup;
			children = (
				E89B15B71CE8C94F0070940D /* myscoreboard2_0Tests.swift */,
				E89B15B91CE8C94F0070940D /* Info.plist */,
			);
			path = myscoreboard2.0Tests;
			sourceTree = "<group>";
		};
		E89B15C11CE8C94F0070940D /* myscoreboard2.0UITests */ = {
			isa = PBXGroup;
			children = (
				E89B15C21CE8C94F0070940D /* myscoreboard2_0UITests.swift */,
				E89B15C41CE8C94F0070940D /* Info.plist */,
			);
			path = myscoreboard2.0UITests;
			sourceTree = "<group>";
		};
		E89B15D01CE8DCCF0070940D /* Login */ = {
			isa = PBXGroup;
			children = (
				E89B15D11CE8DCFA0070940D /* LoginTableViewController.swift */,
				E89B15E01CEB75DC0070940D /* RegisterTableViewController.swift */,
			);
			name = Login;
			sourceTree = "<group>";
		};
		E89B15D31CE9C9690070940D /* Team */ = {
			isa = PBXGroup;
			children = (
				E86202A21CFE8F930030F798 /* TeamViewController.swift */,
				E86202A01CFE8F7C0030F798 /* TeamCollectionViewCell.swift */,
			);
			name = Team;
			sourceTree = "<group>";
		};
		E89B15D41CE9C9720070940D /* Ranking */ = {
			isa = PBXGroup;
			children = (
				E8DE72CF1CF314CC00C66DBD /* RankingViewController.swift */,
				E8DE72D11CF5752700C66DBD /* RankingCollectionViewCell.swift */,
				E8DE72D31CF5AD2F00C66DBD /* RankingTableViewCell.swift */,
			);
			name = Ranking;
			sourceTree = "<group>";
		};
		E89B15D51CE9C9790070940D /* Profile */ = {
			isa = PBXGroup;
			children = (
				E8DE72CD1CF2E9A600C66DBD /* ProfileViewController.swift */,
				E862029E1CFE8AEE0030F798 /* ProfileCollectionViewCell.swift */,
				E89B15EA1CEC4F110070940D /* EditProfileTableViewController.swift */,
			);
			name = Profile;
			sourceTree = "<group>";
		};
		E89B15D71CE9CEFF0070940D /* models */ = {
			isa = PBXGroup;
			children = (
				E89B15D81CE9CF3B0070940D /* Params.swift */,
				E89B15DC1CE9CF570070940D /* Api.swift */,
				E89B15DA1CE9CF4E0070940D /* protocol.swift */,
				E89B15DE1CE9CF6E0070940D /* pickerView.swift */,
				E89B15E21CEB7EE60070940D /* Utils.swift */,
				E8DE72D91CF68F8800C66DBD /* Player.swift */,
				E8DE72D51CF68F7700C66DBD /* Team.swift */,
				E8DE72D61CF68F7700C66DBD /* Teams.swift */,
				E889777E1D06EE3C00F263FF /* Color.swift */,
			);
			name = models;
			sourceTree = "<group>";
		};
/* End PBXGroup section */

/* Begin PBXNativeTarget section */
		E89B159C1CE8C94E0070940D /* myscoreboard2.0 */ = {
			isa = PBXNativeTarget;
			buildConfigurationList = E89B15C71CE8C94F0070940D /* Build configuration list for PBXNativeTarget "myscoreboard2.0" */;
			buildPhases = (
				F953F153A9680DB00E41A474 /* Check Pods Manifest.lock */,
				E89B15991CE8C94E0070940D /* Sources */,
				E89B159A1CE8C94E0070940D /* Frameworks */,
				E89B159B1CE8C94E0070940D /* Resources */,
				F1951E4C9A5F4517DAFFAE31 /* Embed Pods Frameworks */,
				1D43208AE2D31405DE97612E /* Copy Pods Resources */,
			);
			buildRules = (
			);
			dependencies = (
			);
			name = myscoreboard2.0;
			productName = myscoreboard2.0;
			productReference = E89B159D1CE8C94E0070940D /* myscoreboard2.0.app */;
			productType = "com.apple.product-type.application";
		};
		E89B15B21CE8C94F0070940D /* myscoreboard2.0Tests */ = {
			isa = PBXNativeTarget;
			buildConfigurationList = E89B15CA1CE8C94F0070940D /* Build configuration list for PBXNativeTarget "myscoreboard2.0Tests" */;
			buildPhases = (
				E89B15AF1CE8C94F0070940D /* Sources */,
				E89B15B01CE8C94F0070940D /* Frameworks */,
				E89B15B11CE8C94F0070940D /* Resources */,
			);
			buildRules = (
			);
			dependencies = (
				E89B15B51CE8C94F0070940D /* PBXTargetDependency */,
			);
			name = myscoreboard2.0Tests;
			productName = myscoreboard2.0Tests;
			productReference = E89B15B31CE8C94F0070940D /* myscoreboard2.0Tests.xctest */;
			productType = "com.apple.product-type.bundle.unit-test";
		};
		E89B15BD1CE8C94F0070940D /* myscoreboard2.0UITests */ = {
			isa = PBXNativeTarget;
			buildConfigurationList = E89B15CD1CE8C94F0070940D /* Build configuration list for PBXNativeTarget "myscoreboard2.0UITests" */;
			buildPhases = (
				E89B15BA1CE8C94F0070940D /* Sources */,
				E89B15BB1CE8C94F0070940D /* Frameworks */,
				E89B15BC1CE8C94F0070940D /* Resources */,
			);
			buildRules = (
			);
			dependencies = (
				E89B15C01CE8C94F0070940D /* PBXTargetDependency */,
			);
			name = myscoreboard2.0UITests;
			productName = myscoreboard2.0UITests;
			productReference = E89B15BE1CE8C94F0070940D /* myscoreboard2.0UITests.xctest */;
			productType = "com.apple.product-type.bundle.ui-testing";
		};
/* End PBXNativeTarget section */

/* Begin PBXProject section */
		E89B15951CE8C94E0070940D /* Project object */ = {
			isa = PBXProject;
			attributes = {
				LastSwiftUpdateCheck = 0730;
				LastUpgradeCheck = 0730;
				ORGANIZATIONNAME = "PiHan Hsu";
				TargetAttributes = {
					E89B159C1CE8C94E0070940D = {
						CreatedOnToolsVersion = 7.3.1;
					};
					E89B15B21CE8C94F0070940D = {
						CreatedOnToolsVersion = 7.3.1;
						TestTargetID = E89B159C1CE8C94E0070940D;
					};
					E89B15BD1CE8C94F0070940D = {
						CreatedOnToolsVersion = 7.3.1;
						TestTargetID = E89B159C1CE8C94E0070940D;
					};
				};
			};
			buildConfigurationList = E89B15981CE8C94E0070940D /* Build configuration list for PBXProject "myscoreboard2.0" */;
			compatibilityVersion = "Xcode 3.2";
			developmentRegion = English;
			hasScannedForEncodings = 0;
			knownRegions = (
				en,
				Base,
			);
			mainGroup = E89B15941CE8C94E0070940D;
			productRefGroup = E89B159E1CE8C94E0070940D /* Products */;
			projectDirPath = "";
			projectRoot = "";
			targets = (
				E89B159C1CE8C94E0070940D /* myscoreboard2.0 */,
				E89B15B21CE8C94F0070940D /* myscoreboard2.0Tests */,
				E89B15BD1CE8C94F0070940D /* myscoreboard2.0UITests */,
			);
		};
/* End PBXProject section */

/* Begin PBXResourcesBuildPhase section */
		E89B159B1CE8C94E0070940D /* Resources */ = {
			isa = PBXResourcesBuildPhase;
			buildActionMask = 2147483647;
			files = (
				E89B15AD1CE8C94F0070940D /* LaunchScreen.storyboard in Resources */,
				E89B15AA1CE8C94F0070940D /* Assets.xcassets in Resources */,
				E86202AC1CFFE2030030F798 /* BestPartnetTableViewCell.xib in Resources */,
				E89B15A81CE8C94F0070940D /* Main.storyboard in Resources */,
				E86202A81CFFE1110030F798 /* GameTableViewCell.xib in Resources */,
				E86202B41D0550380030F798 /* ProfileInfoTableViewCell.xib in Resources */,
			);
			runOnlyForDeploymentPostprocessing = 0;
		};
		E89B15B11CE8C94F0070940D /* Resources */ = {
			isa = PBXResourcesBuildPhase;
			buildActionMask = 2147483647;
			files = (
			);
			runOnlyForDeploymentPostprocessing = 0;
		};
		E89B15BC1CE8C94F0070940D /* Resources */ = {
			isa = PBXResourcesBuildPhase;
			buildActionMask = 2147483647;
			files = (
			);
			runOnlyForDeploymentPostprocessing = 0;
		};
/* End PBXResourcesBuildPhase section */

/* Begin PBXShellScriptBuildPhase section */
		1D43208AE2D31405DE97612E /* Copy Pods Resources */ = {
			isa = PBXShellScriptBuildPhase;
			buildActionMask = 2147483647;
			files = (
			);
			inputPaths = (
			);
			name = "Copy Pods Resources";
			outputPaths = (
			);
			runOnlyForDeploymentPostprocessing = 0;
			shellPath = /bin/sh;
			shellScript = "\"${SRCROOT}/Pods/Target Support Files/Pods-myscoreboard2.0/Pods-myscoreboard2.0-resources.sh\"\n";
			showEnvVarsInLog = 0;
		};
		F1951E4C9A5F4517DAFFAE31 /* Embed Pods Frameworks */ = {
			isa = PBXShellScriptBuildPhase;
			buildActionMask = 2147483647;
			files = (
			);
			inputPaths = (
			);
			name = "Embed Pods Frameworks";
			outputPaths = (
			);
			runOnlyForDeploymentPostprocessing = 0;
			shellPath = /bin/sh;
			shellScript = "\"${SRCROOT}/Pods/Target Support Files/Pods-myscoreboard2.0/Pods-myscoreboard2.0-frameworks.sh\"\n";
			showEnvVarsInLog = 0;
		};
		F953F153A9680DB00E41A474 /* Check Pods Manifest.lock */ = {
			isa = PBXShellScriptBuildPhase;
			buildActionMask = 2147483647;
			files = (
			);
			inputPaths = (
			);
			name = "Check Pods Manifest.lock";
			outputPaths = (
			);
			runOnlyForDeploymentPostprocessing = 0;
			shellPath = /bin/sh;
			shellScript = "diff \"${PODS_ROOT}/../Podfile.lock\" \"${PODS_ROOT}/Manifest.lock\" > /dev/null\nif [[ $? != 0 ]] ; then\n    cat << EOM\nerror: The sandbox is not in sync with the Podfile.lock. Run 'pod install' or update your CocoaPods installation.\nEOM\n    exit 1\nfi\n";
			showEnvVarsInLog = 0;
		};
/* End PBXShellScriptBuildPhase section */

/* Begin PBXSourcesBuildPhase section */
		E89B15991CE8C94E0070940D /* Sources */ = {
			isa = PBXSourcesBuildPhase;
			buildActionMask = 2147483647;
			files = (
				E89B15DF1CE9CF6E0070940D /* pickerView.swift in Sources */,
				E89B15D91CE9CF3B0070940D /* Params.swift in Sources */,
				E862029F1CFE8AEE0030F798 /* ProfileCollectionViewCell.swift in Sources */,
				E86202A31CFE8F930030F798 /* TeamViewController.swift in Sources */,
				E8DE72D71CF68F7700C66DBD /* Team.swift in Sources */,
				E889777F1D06EE3C00F263FF /* Color.swift in Sources */,
				E8DE72CE1CF2E9A600C66DBD /* ProfileViewController.swift in Sources */,
				E8DE72DA1CF68F8800C66DBD /* Player.swift in Sources */,
				E86202B01D0032A60030F798 /* MyScoredBoardBaseCollectionViewController.swift in Sources */,
				E88977831D07FBE800F263FF /* MyScoreBoardEditInfoTableViewController.swift in Sources */,
				E89B15E11CEB75DC0070940D /* RegisterTableViewController.swift in Sources */,
				E89B15D21CE8DCFA0070940D /* LoginTableViewController.swift in Sources */,
				E8DE72D81CF68F7700C66DBD /* Teams.swift in Sources */,
				E86202A11CFE8F7C0030F798 /* TeamCollectionViewCell.swift in Sources */,
				E86202AB1CFFE2030030F798 /* BestPartnetTableViewCell.swift in Sources */,
				E89B15A11CE8C94E0070940D /* AppDelegate.swift in Sources */,
				E8DE72D41CF5AD2F00C66DBD /* RankingTableViewCell.swift in Sources */,
				E89B15EB1CEC4F110070940D /* EditProfileTableViewController.swift in Sources */,
				E89B15DD1CE9CF570070940D /* Api.swift in Sources */,
				E86202A71CFFE1110030F798 /* GameTableViewCell.swift in Sources */,
				E89B15DB1CE9CF4E0070940D /* protocol.swift in Sources */,
				E89B15E31CEB7EE60070940D /* Utils.swift in Sources */,
				E86202B31D0550380030F798 /* ProfileInfoTableViewCell.swift in Sources */,
				E8DE72D01CF314CC00C66DBD /* RankingViewController.swift in Sources */,
				E8DE72D21CF5752700C66DBD /* RankingCollectionViewCell.swift in Sources */,
			);
			runOnlyForDeploymentPostprocessing = 0;
		};
		E89B15AF1CE8C94F0070940D /* Sources */ = {
			isa = PBXSourcesBuildPhase;
			buildActionMask = 2147483647;
			files = (
				E89B15B81CE8C94F0070940D /* myscoreboard2_0Tests.swift in Sources */,
			);
			runOnlyForDeploymentPostprocessing = 0;
		};
		E89B15BA1CE8C94F0070940D /* Sources */ = {
			isa = PBXSourcesBuildPhase;
			buildActionMask = 2147483647;
			files = (
				E89B15C31CE8C94F0070940D /* myscoreboard2_0UITests.swift in Sources */,
			);
			runOnlyForDeploymentPostprocessing = 0;
		};
/* End PBXSourcesBuildPhase section */

/* Begin PBXTargetDependency section */
		E89B15B51CE8C94F0070940D /* PBXTargetDependency */ = {
			isa = PBXTargetDependency;
			target = E89B159C1CE8C94E0070940D /* myscoreboard2.0 */;
			targetProxy = E89B15B41CE8C94F0070940D /* PBXContainerItemProxy */;
		};
		E89B15C01CE8C94F0070940D /* PBXTargetDependency */ = {
			isa = PBXTargetDependency;
			target = E89B159C1CE8C94E0070940D /* myscoreboard2.0 */;
			targetProxy = E89B15BF1CE8C94F0070940D /* PBXContainerItemProxy */;
		};
/* End PBXTargetDependency section */

/* Begin PBXVariantGroup section */
		E89B15A61CE8C94F0070940D /* Main.storyboard */ = {
			isa = PBXVariantGroup;
			children = (
				E89B15A71CE8C94F0070940D /* Base */,
			);
			name = Main.storyboard;
			sourceTree = "<group>";
		};
		E89B15AB1CE8C94F0070940D /* LaunchScreen.storyboard */ = {
			isa = PBXVariantGroup;
			children = (
				E89B15AC1CE8C94F0070940D /* Base */,
			);
			name = LaunchScreen.storyboard;
			sourceTree = "<group>";
		};
/* End PBXVariantGroup section */

/* Begin XCBuildConfiguration section */
		E89B15C51CE8C94F0070940D /* Debug */ = {
			isa = XCBuildConfiguration;
			buildSettings = {
				ALWAYS_SEARCH_USER_PATHS = NO;
				CLANG_ANALYZER_NONNULL = YES;
				CLANG_CXX_LANGUAGE_STANDARD = "gnu++0x";
				CLANG_CXX_LIBRARY = "libc++";
				CLANG_ENABLE_MODULES = YES;
				CLANG_ENABLE_OBJC_ARC = YES;
				CLANG_WARN_BOOL_CONVERSION = YES;
				CLANG_WARN_CONSTANT_CONVERSION = YES;
				CLANG_WARN_DIRECT_OBJC_ISA_USAGE = YES_ERROR;
				CLANG_WARN_EMPTY_BODY = YES;
				CLANG_WARN_ENUM_CONVERSION = YES;
				CLANG_WARN_INT_CONVERSION = YES;
				CLANG_WARN_OBJC_ROOT_CLASS = YES_ERROR;
				CLANG_WARN_UNREACHABLE_CODE = YES;
				CLANG_WARN__DUPLICATE_METHOD_MATCH = YES;
				"CODE_SIGN_IDENTITY[sdk=iphoneos*]" = "iPhone Developer";
				COPY_PHASE_STRIP = NO;
				DEBUG_INFORMATION_FORMAT = dwarf;
				ENABLE_STRICT_OBJC_MSGSEND = YES;
				ENABLE_TESTABILITY = YES;
				GCC_C_LANGUAGE_STANDARD = gnu99;
				GCC_DYNAMIC_NO_PIC = NO;
				GCC_NO_COMMON_BLOCKS = YES;
				GCC_OPTIMIZATION_LEVEL = 0;
				GCC_PREPROCESSOR_DEFINITIONS = (
					"DEBUG=1",
					"$(inherited)",
				);
				GCC_WARN_64_TO_32_BIT_CONVERSION = YES;
				GCC_WARN_ABOUT_RETURN_TYPE = YES_ERROR;
				GCC_WARN_UNDECLARED_SELECTOR = YES;
				GCC_WARN_UNINITIALIZED_AUTOS = YES_AGGRESSIVE;
				GCC_WARN_UNUSED_FUNCTION = YES;
				GCC_WARN_UNUSED_VARIABLE = YES;
				IPHONEOS_DEPLOYMENT_TARGET = 9.3;
				MTL_ENABLE_DEBUG_INFO = YES;
				ONLY_ACTIVE_ARCH = YES;
				SDKROOT = iphoneos;
				SWIFT_OPTIMIZATION_LEVEL = "-Onone";
				TARGETED_DEVICE_FAMILY = "1,2";
			};
			name = Debug;
		};
		E89B15C61CE8C94F0070940D /* Release */ = {
			isa = XCBuildConfiguration;
			buildSettings = {
				ALWAYS_SEARCH_USER_PATHS = NO;
				CLANG_ANALYZER_NONNULL = YES;
				CLANG_CXX_LANGUAGE_STANDARD = "gnu++0x";
				CLANG_CXX_LIBRARY = "libc++";
				CLANG_ENABLE_MODULES = YES;
				CLANG_ENABLE_OBJC_ARC = YES;
				CLANG_WARN_BOOL_CONVERSION = YES;
				CLANG_WARN_CONSTANT_CONVERSION = YES;
				CLANG_WARN_DIRECT_OBJC_ISA_USAGE = YES_ERROR;
				CLANG_WARN_EMPTY_BODY = YES;
				CLANG_WARN_ENUM_CONVERSION = YES;
				CLANG_WARN_INT_CONVERSION = YES;
				CLANG_WARN_OBJC_ROOT_CLASS = YES_ERROR;
				CLANG_WARN_UNREACHABLE_CODE = YES;
				CLANG_WARN__DUPLICATE_METHOD_MATCH = YES;
				"CODE_SIGN_IDENTITY[sdk=iphoneos*]" = "iPhone Developer";
				COPY_PHASE_STRIP = NO;
				DEBUG_INFORMATION_FORMAT = "dwarf-with-dsym";
				ENABLE_NS_ASSERTIONS = NO;
				ENABLE_STRICT_OBJC_MSGSEND = YES;
				GCC_C_LANGUAGE_STANDARD = gnu99;
				GCC_NO_COMMON_BLOCKS = YES;
				GCC_WARN_64_TO_32_BIT_CONVERSION = YES;
				GCC_WARN_ABOUT_RETURN_TYPE = YES_ERROR;
				GCC_WARN_UNDECLARED_SELECTOR = YES;
				GCC_WARN_UNINITIALIZED_AUTOS = YES_AGGRESSIVE;
				GCC_WARN_UNUSED_FUNCTION = YES;
				GCC_WARN_UNUSED_VARIABLE = YES;
				IPHONEOS_DEPLOYMENT_TARGET = 9.3;
				MTL_ENABLE_DEBUG_INFO = NO;
				SDKROOT = iphoneos;
				TARGETED_DEVICE_FAMILY = "1,2";
				VALIDATE_PRODUCT = YES;
			};
			name = Release;
		};
		E89B15C81CE8C94F0070940D /* Debug */ = {
			isa = XCBuildConfiguration;
			baseConfigurationReference = A0C678C6BA7468521005B4EF /* Pods-myscoreboard2.0.debug.xcconfig */;
			buildSettings = {
				ASSETCATALOG_COMPILER_APPICON_NAME = AppIcon;
				INFOPLIST_FILE = myscoreboard2.0/Info.plist;
				LD_RUNPATH_SEARCH_PATHS = "$(inherited) @executable_path/Frameworks";
				PRODUCT_BUNDLE_IDENTIFIER = "com.pihanhsu.myscoreboard2-0";
				PRODUCT_NAME = "$(TARGET_NAME)";
			};
			name = Debug;
		};
		E89B15C91CE8C94F0070940D /* Release */ = {
			isa = XCBuildConfiguration;
			baseConfigurationReference = B8CBD25F74E2991D60A78730 /* Pods-myscoreboard2.0.release.xcconfig */;
			buildSettings = {
				ASSETCATALOG_COMPILER_APPICON_NAME = AppIcon;
				INFOPLIST_FILE = myscoreboard2.0/Info.plist;
				LD_RUNPATH_SEARCH_PATHS = "$(inherited) @executable_path/Frameworks";
				PRODUCT_BUNDLE_IDENTIFIER = "com.pihanhsu.myscoreboard2-0";
				PRODUCT_NAME = "$(TARGET_NAME)";
			};
			name = Release;
		};
		E89B15CB1CE8C94F0070940D /* Debug */ = {
			isa = XCBuildConfiguration;
			buildSettings = {
				BUNDLE_LOADER = "$(TEST_HOST)";
				INFOPLIST_FILE = myscoreboard2.0Tests/Info.plist;
				LD_RUNPATH_SEARCH_PATHS = "$(inherited) @executable_path/Frameworks @loader_path/Frameworks";
				PRODUCT_BUNDLE_IDENTIFIER = "com.pihanhsu.myscoreboard2-0Tests";
				PRODUCT_NAME = "$(TARGET_NAME)";
				TEST_HOST = "$(BUILT_PRODUCTS_DIR)/myscoreboard2.0.app/myscoreboard2.0";
			};
			name = Debug;
		};
		E89B15CC1CE8C94F0070940D /* Release */ = {
			isa = XCBuildConfiguration;
			buildSettings = {
				BUNDLE_LOADER = "$(TEST_HOST)";
				INFOPLIST_FILE = myscoreboard2.0Tests/Info.plist;
				LD_RUNPATH_SEARCH_PATHS = "$(inherited) @executable_path/Frameworks @loader_path/Frameworks";
				PRODUCT_BUNDLE_IDENTIFIER = "com.pihanhsu.myscoreboard2-0Tests";
				PRODUCT_NAME = "$(TARGET_NAME)";
				TEST_HOST = "$(BUILT_PRODUCTS_DIR)/myscoreboard2.0.app/myscoreboard2.0";
			};
			name = Release;
		};
		E89B15CE1CE8C94F0070940D /* Debug */ = {
			isa = XCBuildConfiguration;
			buildSettings = {
				INFOPLIST_FILE = myscoreboard2.0UITests/Info.plist;
				LD_RUNPATH_SEARCH_PATHS = "$(inherited) @executable_path/Frameworks @loader_path/Frameworks";
				PRODUCT_BUNDLE_IDENTIFIER = "com.pihanhsu.myscoreboard2-0UITests";
				PRODUCT_NAME = "$(TARGET_NAME)";
				TEST_TARGET_NAME = myscoreboard2.0;
			};
			name = Debug;
		};
		E89B15CF1CE8C94F0070940D /* Release */ = {
			isa = XCBuildConfiguration;
			buildSettings = {
				INFOPLIST_FILE = myscoreboard2.0UITests/Info.plist;
				LD_RUNPATH_SEARCH_PATHS = "$(inherited) @executable_path/Frameworks @loader_path/Frameworks";
				PRODUCT_BUNDLE_IDENTIFIER = "com.pihanhsu.myscoreboard2-0UITests";
				PRODUCT_NAME = "$(TARGET_NAME)";
				TEST_TARGET_NAME = myscoreboard2.0;
			};
			name = Release;
		};
/* End XCBuildConfiguration section */

/* Begin XCConfigurationList section */
		E89B15981CE8C94E0070940D /* Build configuration list for PBXProject "myscoreboard2.0" */ = {
			isa = XCConfigurationList;
			buildConfigurations = (
				E89B15C51CE8C94F0070940D /* Debug */,
				E89B15C61CE8C94F0070940D /* Release */,
			);
			defaultConfigurationIsVisible = 0;
			defaultConfigurationName = Release;
		};
		E89B15C71CE8C94F0070940D /* Build configuration list for PBXNativeTarget "myscoreboard2.0" */ = {
			isa = XCConfigurationList;
			buildConfigurations = (
				E89B15C81CE8C94F0070940D /* Debug */,
				E89B15C91CE8C94F0070940D /* Release */,
			);
			defaultConfigurationIsVisible = 0;
			defaultConfigurationName = Release;
		};
		E89B15CA1CE8C94F0070940D /* Build configuration list for PBXNativeTarget "myscoreboard2.0Tests" */ = {
			isa = XCConfigurationList;
			buildConfigurations = (
				E89B15CB1CE8C94F0070940D /* Debug */,
				E89B15CC1CE8C94F0070940D /* Release */,
			);
			defaultConfigurationIsVisible = 0;
			defaultConfigurationName = Release;
		};
		E89B15CD1CE8C94F0070940D /* Build configuration list for PBXNativeTarget "myscoreboard2.0UITests" */ = {
			isa = XCConfigurationList;
			buildConfigurations = (
				E89B15CE1CE8C94F0070940D /* Debug */,
				E89B15CF1CE8C94F0070940D /* Release */,
			);
			defaultConfigurationIsVisible = 0;
			defaultConfigurationName = Release;
		};
/* End XCConfigurationList section */
	};
	rootObject = E89B15951CE8C94E0070940D /* Project object */;
}
